github.com/Tnze/go-mc v1.19.4-pre1 h1:0yBCeK9EGICdIzxSPbvD88HqcNRho8PRgKtpAC02W0E=
github.com/Tnze/go-mc v1.19.4-pre1/go.mod h1:c1znJQglgqa1Jjs3Dr29woN/msguiJrlNtWXhKedh2U=
github.com/google/uuid v1.3.0 h1:t6JiXgmwXMjEs8VusXIJk2BXHsn+wx8BZdTaoZ5fu7I=
github.com/google/uuid v1.3.0/go.mod h1:TIyPZe4MgqvfeYDBFedMoGGpEw/LqOeaOT+nhxU+yHo=
